<?xml version="1.0" encoding="utf-8"?>
<Project ToolsVersion="4.0" xmlns="http://schemas.microsoft.com/developer/msbuild/2003">
  <ItemGroup>
    <Filter Include="Source Files">
      <UniqueIdentifier>{4FC737F1-C7A5-4376-A066-2A32D752A2FF}</UniqueIdentifier>
      <Extensions>cpp;c;cc;cxx;def;odl;idl;hpj;bat;asm;asmx</Extensions>
    </Filter>
    <Filter Include="Header Files">
      <UniqueIdentifier>{93995380-89BD-4b04-88EB-625FBE52EBFB}</UniqueIdentifier>
      <Extensions>h;hh;hpp;hxx;hm;inl;inc;xsd</Extensions>
    </Filter>
    <Filter Include="Resource Files">
      <UniqueIdentifier>{D9D6E242-F8AF-46E4-B9FD-80ECBC20BA3E}</UniqueIdentifier>
      <Extensions>qrc;*</Extensions>
      <ParseFiles>false</ParseFiles>
    </Filter>
    <Filter Include="Form Files">
      <UniqueIdentifier>{99349809-55BA-4b9d-BF79-8FDBB0286EB3}</UniqueIdentifier>
      <Extensions>ui</Extensions>
    </Filter>
    <Filter Include="Resource Files">
      <UniqueIdentifier>{D9D6E242-F8AF-46E4-B9FD-80ECBC20BA3E}</UniqueIdentifier>
      <Extensions>qrc;*</Extensions>
      <ParseFiles>false</ParseFiles>
    </Filter>
    <Filter Include="Generated Files">
      <UniqueIdentifier>{71ED8ED8-ACB9-4CE9-BBE1-E00B30144E11}</UniqueIdentifier>
      <Extensions>moc;h;cpp</Extensions>
      <SourceControlFiles>False</SourceControlFiles>
    </Filter>
    <Filter Include="Generated Files\Debug">
      <UniqueIdentifier>{cb12fd9d-0442-49e0-aa2a-ed25e5ac6051}</UniqueIdentifier>
      <Extensions>cpp;moc</Extensions>
      <SourceControlFiles>False</SourceControlFiles>
    </Filter>
    <Filter Include="Generated Files\Release">
      <UniqueIdentifier>{440eca3b-0d36-4572-b70f-3c9ca74b32eb}</UniqueIdentifier>
      <Extensions>cpp;moc</Extensions>
      <SourceControlFiles>False</SourceControlFiles>
    </Filter>
    <Filter Include="gSOAP">
      <UniqueIdentifier>{7eb62be4-232c-4f1b-98a9-8d25f0e20a99}</UniqueIdentifier>
    </Filter>
  </ItemGroup>
  <ItemGroup>
    <ClCompile Include="main.cpp">
      <Filter>Source Files</Filter>
    </ClCompile>
    <ClCompile Include="GeneratedFiles\qrc_DTS.cpp">
      <Filter>Generated Files</Filter>
    </ClCompile>
    <ClCompile Include="GeneratedFiles\Debug\moc_DTSMainWindow.cpp">
      <Filter>Generated Files\Debug</Filter>
    </ClCompile>
    <ClCompile Include="GeneratedFiles\Release\moc_DTSMainWindow.cpp">
      <Filter>Generated Files\Release</Filter>
    </ClCompile>
    <ClCompile Include="DTSMainWindow.cpp">
      <Filter>Source Files</Filter>
    </ClCompile>
    <ClCompile Include="GConfig.cpp">
      <Filter>Source Files</Filter>
    </ClCompile>
    <ClCompile Include="GLogger.cpp">
      <Filter>Source Files</Filter>
    </ClCompile>
    <ClCompile Include="gSOAP\soapC.cpp">
      <Filter>gSOAP</Filter>
    </ClCompile>
    <ClCompile Include="gSOAP\soapJHServiceSoapProxy.cpp">
      <Filter>gSOAP</Filter>
    </ClCompile>
    <ClCompile Include="gSOAP\soapJHServiceSoapService.cpp">
      <Filter>gSOAP</Filter>
    </ClCompile>
    <ClCompile Include="gSOAP\stdsoap2.cpp">
      <Filter>gSOAP</Filter>
    </ClCompile>
    <ClCompile Include="GeneratedFiles\Debug\moc_WTaskWebService.cpp">
      <Filter>Generated Files\Debug</Filter>
    </ClCompile>
    <ClCompile Include="GeneratedFiles\Release\moc_WTaskWebService.cpp">
      <Filter>Generated Files\Release</Filter>
    </ClCompile>
    <ClCompile Include="WTaskWebService.cpp">
      <Filter>Source Files</Filter>
    </ClCompile>
    <ClCompile Include="GeneratedFiles\Debug\moc_WTaskUpload.cpp">
      <Filter>Generated Files\Debug</Filter>
    </ClCompile>
    <ClCompile Include="GeneratedFiles\Release\moc_WTaskUpload.cpp">
      <Filter>Generated Files\Release</Filter>
    </ClCompile>
    <ClCompile Include="WTaskUpload.cpp">
      <Filter>Source Files</Filter>
    </ClCompile>
    <ClCompile Include="GNamingSQL.cpp">
      <Filter>Source Files</Filter>
    </ClCompile>
    <ClCompile Include="GeneratedFiles\Debug\moc_GLogger.cpp">
      <Filter>Generated Files\Debug</Filter>
    </ClCompile>
    <ClCompile Include="GeneratedFiles\Release\moc_GLogger.cpp">
      <Filter>Generated Files\Release</Filter>
    </ClCompile>
    <ClCompile Include="GeneratedFiles\Debug\moc_DTSPageSysConfig.cpp">
      <Filter>Generated Files\Debug</Filter>
    </ClCompile>
    <ClCompile Include="GeneratedFiles\Release\moc_DTSPageSysConfig.cpp">
      <Filter>Generated Files\Release</Filter>
    </ClCompile>
    <ClCompile Include="DTSPageSysConfig.cpp">
      <Filter>Source Files</Filter>
    </ClCompile>
    <ClCompile Include="DTSPageRunConfig.cpp">
      <Filter>Source Files</Filter>
    </ClCompile>
    <ClCompile Include="GeneratedFiles\Debug\moc_DTSPageRunConfig.cpp">
      <Filter>Generated Files\Debug</Filter>
    </ClCompile>
    <ClCompile Include="GeneratedFiles\Release\moc_DTSPageRunConfig.cpp">
      <Filter>Generated Files\Release</Filter>
    </ClCompile>
    <ClCompile Include="DTSMessageBox.cpp">
      <Filter>Source Files</Filter>
    </ClCompile>
    <ClCompile Include="WTaskDownload.cpp">
      <Filter>Source Files</Filter>
    </ClCompile>
    <ClCompile Include="GeneratedFiles\Debug\moc_WTaskDownload.cpp">
      <Filter>Generated Files\Debug</Filter>
    </ClCompile>
    <ClCompile Include="GeneratedFiles\Release\moc_WTaskDownload.cpp">
      <Filter>Generated Files\Release</Filter>
    </ClCompile>
    <ClCompile Include="GeneratedFiles\Debug\moc_DTSMessageBox.cpp">
      <Filter>Generated Files\Debug</Filter>
    </ClCompile>
    <ClCompile Include="GeneratedFiles\Release\moc_DTSMessageBox.cpp">
      <Filter>Generated Files\Release</Filter>
    </ClCompile>
    <ClCompile Include="GeneratedFiles\Debug\moc_DTSPageStartup.cpp">
      <Filter>Generated Files\Debug</Filter>
    </ClCompile>
    <ClCompile Include="GeneratedFiles\Release\moc_DTSPageStartup.cpp">
      <Filter>Generated Files\Release</Filter>
    </ClCompile>
    <ClCompile Include="DTSPageStartup.cpp">
      <Filter>Source Files</Filter>
    </ClCompile>
    <ClCompile Include="DTSPageSynConfig.cpp">
      <Filter>Source Files</Filter>
    </ClCompile>
    <ClCompile Include="GeneratedFiles\Debug\moc_DTSPageSynConfig.cpp">
      <Filter>Generated Files\Debug</Filter>
    </ClCompile>
    <ClCompile Include="GeneratedFiles\Release\moc_DTSPageSynConfig.cpp">
      <Filter>Generated Files\Release</Filter>
    </ClCompile>
    <ClCompile Include="DTSComboBoxDelegate.cpp">
      <Filter>Source Files</Filter>
    </ClCompile>
    <ClCompile Include="GeneratedFiles\Debug\moc_DTSComboBoxDelegate.cpp">
      <Filter>Generated Files\Debug</Filter>
    </ClCompile>
    <ClCompile Include="GeneratedFiles\Release\moc_DTSComboBoxDelegate.cpp">
      <Filter>Generated Files\Release</Filter>
    </ClCompile>
    <ClCompile Include="GDefineType.cpp">
      <Filter>Source Files</Filter>
    </ClCompile>
  </ItemGroup>
  <ItemGroup>
    <CustomBuild Include="DTS.qrc">
      <Filter>Resource Files</Filter>
    </CustomBuild>
    <CustomBuild Include="DTSMainWindow.ui">
      <Filter>Form Files</Filter>
    </CustomBuild>
    <CustomBuild Include="DTSMainWindow.h">
      <Filter>Header Files</Filter>
    </CustomBuild>
    <CustomBuild Include="GConfig.h">
      <Filter>Header Files</Filter>
    </CustomBuild>
    <CustomBuild Include="WTaskWebService.h">
      <Filter>Header Files</Filter>
    </CustomBuild>
    <CustomBuild Include="WTaskUpload.h">
      <Filter>Header Files</Filter>
    </CustomBuild>
    <CustomBuild Include="GLogger.h">
      <Filter>Header Files</Filter>
    </CustomBuild>
    <CustomBuild Include="DTSPageSysConfig.ui">
      <Filter>Form Files</Filter>
    </CustomBuild>
    <CustomBuild Include="DTSPageSysConfig.h">
      <Filter>Header Files</Filter>
    </CustomBuild>
    <CustomBuild Include="DTSPageRunConfig.ui">
      <Filter>Form Files</Filter>
    </CustomBuild>
    <CustomBuild Include="DTSPageRunConfig.h">
      <Filter>Header Files</Filter>
    </CustomBuild>
    <CustomBuild Include="WTaskDownload.h">
      <Filter>Header Files</Filter>
    </CustomBuild>
    <CustomBuild Include="DTSMessageBox.h">
      <Filter>Header Files</Filter>
    </CustomBuild>
    <CustomBuild Include="DTSPageStartup.ui">
      <Filter>Form Files</Filter>
    </CustomBuild>
    <CustomBuild Include="DTSPageStartup.h">
      <Filter>Header Files</Filter>
    </CustomBuild>
    <CustomBuild Include="DTSPageSynConfig.ui">
      <Filter>Form Files</Filter>
    </CustomBuild>
    <CustomBuild Include="DTSPageSynConfig.h">
      <Filter>Header Files</Filter>
    </CustomBuild>
    <CustomBuild Include="DTSComboBoxDelegate.h">
      <Filter>Header Files</Filter>
    </CustomBuild>
  </ItemGroup>
  <ItemGroup>
    <ClInclude Include="GeneratedFiles\ui_DTSMainWindow.h">
      <Filter>Generated Files</Filter>
    </ClInclude>
    <ClInclude Include="GDefine.h">
      <Filter>Header Files</Filter>
    </ClInclude>
    <ClInclude Include="gSOAP\soapH.h">
      <Filter>gSOAP</Filter>
    </ClInclude>
    <ClInclude Include="gSOAP\soapJHServiceSoapProxy.h">
      <Filter>gSOAP</Filter>
    </ClInclude>
    <ClInclude Include="gSOAP\soapJHServiceSoapService.h">
      <Filter>gSOAP</Filter>
    </ClInclude>
    <ClInclude Include="gSOAP\soapStub.h">
      <Filter>gSOAP</Filter>
    </ClInclude>
    <ClInclude Include="gSOAP\stdsoap2.h">
      <Filter>gSOAP</Filter>
    </ClInclude>
    <ClInclude Include="GNamingSQL.h">
      <Filter>Header Files</Filter>
    </ClInclude>
    <ClInclude Include="GeneratedFiles\ui_DTSPageSysConfig.h">
      <Filter>Generated Files</Filter>
    </ClInclude>
    <ClInclude Include="GeneratedFiles\ui_DTSPageRunConfig.h">
      <Filter>Generated Files</Filter>
    </ClInclude>
    <ClInclude Include="GeneratedFiles\ui_DTSPageStartup.h">
      <Filter>Generated Files</Filter>
    </ClInclude>
    <ClInclude Include="GeneratedFiles\ui_DTSPageSynConfig.h">
      <Filter>Generated Files</Filter>
    </ClInclude>
    <ClInclude Include="GDefineData.h">
      <Filter>Header Files</Filter>
    </ClInclude>
    <ClInclude Include="GDefineType.h">
      <Filter>Header Files</Filter>
    </ClInclude>
  </ItemGroup>
  <ItemGroup>
    <None Include="gSOAP\JHServiceSoap.nsmap">
      <Filter>gSOAP</Filter>
    </None>
    <None Include="gSOAP\soapcpp2.exe">
      <Filter>gSOAP</Filter>
    </None>
  </ItemGroup>
</Project>